version: 2.0
shards:
  bplist:
    git: https://github.com/mamantoha/crystal-bplist.git
    version: 0.1.0+git.commit.68ae8d3413791cf8a16d0747452654be1343f8f6

  bytes_ext:
    git: https://github.com/mamantoha/bytes_ext.git
    version: 0.2.0

  selenium:
    git: https://github.com/crystal-loot/selenium.cr.git
    version: 0.12.1+git.commit.ee3d6c37342a53849e0576bfbf0df982a21baa05

