version: 2.0
shards:
  bplist:
    git: https://github.com/mamantoha/crystal-bplist.git
    version: 0.2.0+git.commit.998ce348b18b64bc3390bda416f91e09249b2c2c

  bytes_ext:
    git: https://github.com/mamantoha/bytes_ext.git
    version: 0.2.0

  selenium:
    git: https://github.com/crystal-loot/selenium.cr.git
    version: 0.12.1+git.commit.0b8cca4f157a693b3c7ef7642364a5efd7e99faf

